
Microsoft Visual Studio Solution File, Format Version 12.00
# Visual Studio Version 17
VisualStudioVersion = 17.2.32630.192
MinimumVisualStudioVersion = 10.0.40219.1
Project("{2150E333-8FDC-42A3-9474-1A3956D46DE8}") = "Core", "Core", "{7AD873AE-1291-4C84-B091-9EBAD4567181}"
EndProject
Project("{2150E333-8FDC-42A3-9474-1A3956D46DE8}") = "PaymentService", "PaymentService", "{97440353-F915-4F36-9F96-5F02409151D8}"
EndProject
Project("{2150E333-8FDC-42A3-9474-1A3956D46DE8}") = "BookingService", "BookingService", "{ADE53155-A9A9-4573-867B-BE84368CA6F5}"
EndProject
Project("{2150E333-8FDC-42A3-9474-1A3956D46DE8}") = "Domain", "Domain", "{A925A607-AC73-43D8-A147-934CE1D457B6}"
EndProject
Project("{2150E333-8FDC-42A3-9474-1A3956D46DE8}") = "Application", "Application", "{52B0BF48-AC2B-49A7-9526-6FE6DFA82F13}"
EndProject
Project("{2150E333-8FDC-42A3-9474-1A3956D46DE8}") = "Adapters", "Adapters", "{7AA31962-F036-4AC3-BD73-4DC6EC19C78F}"
EndProject
Project("{2150E333-8FDC-42A3-9474-1A3956D46DE8}") = "Consumers", "Consumers", "{7AB0F7B9-4454-4632-AFA1-E2B406D8021A}"
EndProject
Project("{2150E333-8FDC-42A3-9474-1A3956D46DE8}") = "Tests", "Tests", "{C0157E0A-1587-45E6-8EF9-114C452DEDC8}"
EndProject
Project("{2150E333-8FDC-42A3-9474-1A3956D46DE8}") = "Domain", "Domain", "{EA9A25B4-1EDF-4D10-BEAC-D5963143AC76}"
EndProject
Project("{2150E333-8FDC-42A3-9474-1A3956D46DE8}") = "Application", "Application", "{1983D91F-A426-4A1A-8238-46B3088EEA24}"
EndProject
Project("{2150E333-8FDC-42A3-9474-1A3956D46DE8}") = "Adapters", "Adapters", "{69E33013-3EF9-4FF8-80EE-96CB484F5AA3}"
EndProject
Project("{9A19103F-16F7-4668-BE54-9A1E7A4F7556}") = "DomainTests", "BookingService\Tests\Domain\DomainTests\DomainTests.csproj", "{0F384E8F-DCAA-4C25-B420-26D3DB13E595}"
EndProject
Project("{9A19103F-16F7-4668-BE54-9A1E7A4F7556}") = "ApplicationTests", "BookingService\Tests\Application\ApplicationTests\ApplicationTests.csproj", "{C4EB4F31-8DAF-4EDB-9FDA-AA7E63FCE484}"
EndProject
Project("{9A19103F-16F7-4668-BE54-9A1E7A4F7556}") = "AdaptersTests", "BookingService\Tests\Adapters\AdaptersTests\AdaptersTests.csproj", "{0811BE33-A5E6-483D-A34F-FFA2FFF54181}"
EndProject
Project("{9A19103F-16F7-4668-BE54-9A1E7A4F7556}") = "API", "BookingService\Consumers\API\API.csproj", "{119D41D3-2B7C-4C06-839A-E3204877AC62}"
EndProject
Project("{9A19103F-16F7-4668-BE54-9A1E7A4F7556}") = "Data", "BookingService\Adapters\Data\Data.csproj", "{0F257891-9965-4FC5-B473-242287F67287}"
EndProject
Project("{9A19103F-16F7-4668-BE54-9A1E7A4F7556}") = "Application", "BookingService\Core\Application\Application.csproj", "{ED495F3A-4BCA-4E15-80E3-7A8DF6BCB4E7}"
EndProject
Project("{9A19103F-16F7-4668-BE54-9A1E7A4F7556}") = "Domain", "BookingService\Core\Domain\Domain.csproj", "{1AD6EF81-C3F4-4738-964E-F212F6C0F2EA}"
EndProject
Global
	GlobalSection(SolutionConfigurationPlatforms) = preSolution
		Debug|Any CPU = Debug|Any CPU
		Release|Any CPU = Release|Any CPU
	EndGlobalSection
	GlobalSection(ProjectConfigurationPlatforms) = postSolution
		{0F384E8F-DCAA-4C25-B420-26D3DB13E595}.Debug|Any CPU.ActiveCfg = Debug|Any CPU
		{0F384E8F-DCAA-4C25-B420-26D3DB13E595}.Debug|Any CPU.Build.0 = Debug|Any CPU
		{0F384E8F-DCAA-4C25-B420-26D3DB13E595}.Release|Any CPU.ActiveCfg = Release|Any CPU
		{0F384E8F-DCAA-4C25-B420-26D3DB13E595}.Release|Any CPU.Build.0 = Release|Any CPU
		{C4EB4F31-8DAF-4EDB-9FDA-AA7E63FCE484}.Debug|Any CPU.ActiveCfg = Debug|Any CPU
		{C4EB4F31-8DAF-4EDB-9FDA-AA7E63FCE484}.Debug|Any CPU.Build.0 = Debug|Any CPU
		{C4EB4F31-8DAF-4EDB-9FDA-AA7E63FCE484}.Release|Any CPU.ActiveCfg = Release|Any CPU
		{C4EB4F31-8DAF-4EDB-9FDA-AA7E63FCE484}.Release|Any CPU.Build.0 = Release|Any CPU
		{0811BE33-A5E6-483D-A34F-FFA2FFF54181}.Debug|Any CPU.ActiveCfg = Debug|Any CPU
		{0811BE33-A5E6-483D-A34F-FFA2FFF54181}.Debug|Any CPU.Build.0 = Debug|Any CPU
		{0811BE33-A5E6-483D-A34F-FFA2FFF54181}.Release|Any CPU.ActiveCfg = Release|Any CPU
		{0811BE33-A5E6-483D-A34F-FFA2FFF54181}.Release|Any CPU.Build.0 = Release|Any CPU
		{119D41D3-2B7C-4C06-839A-E3204877AC62}.Debug|Any CPU.ActiveCfg = Debug|Any CPU
		{119D41D3-2B7C-4C06-839A-E3204877AC62}.Debug|Any CPU.Build.0 = Debug|Any CPU
		{119D41D3-2B7C-4C06-839A-E3204877AC62}.Release|Any CPU.ActiveCfg = Release|Any CPU
		{119D41D3-2B7C-4C06-839A-E3204877AC62}.Release|Any CPU.Build.0 = Release|Any CPU
		{0F257891-9965-4FC5-B473-242287F67287}.Debug|Any CPU.ActiveCfg = Debug|Any CPU
		{0F257891-9965-4FC5-B473-242287F67287}.Debug|Any CPU.Build.0 = Debug|Any CPU
		{0F257891-9965-4FC5-B473-242287F67287}.Release|Any CPU.ActiveCfg = Release|Any CPU
		{0F257891-9965-4FC5-B473-242287F67287}.Release|Any CPU.Build.0 = Release|Any CPU
		{ED495F3A-4BCA-4E15-80E3-7A8DF6BCB4E7}.Debug|Any CPU.ActiveCfg = Debug|Any CPU
		{ED495F3A-4BCA-4E15-80E3-7A8DF6BCB4E7}.Debug|Any CPU.Build.0 = Debug|Any CPU
		{ED495F3A-4BCA-4E15-80E3-7A8DF6BCB4E7}.Release|Any CPU.ActiveCfg = Release|Any CPU
		{ED495F3A-4BCA-4E15-80E3-7A8DF6BCB4E7}.Release|Any CPU.Build.0 = Release|Any CPU
		{1AD6EF81-C3F4-4738-964E-F212F6C0F2EA}.Debug|Any CPU.ActiveCfg = Debug|Any CPU
		{1AD6EF81-C3F4-4738-964E-F212F6C0F2EA}.Debug|Any CPU.Build.0 = Debug|Any CPU
		{1AD6EF81-C3F4-4738-964E-F212F6C0F2EA}.Release|Any CPU.ActiveCfg = Release|Any CPU
		{1AD6EF81-C3F4-4738-964E-F212F6C0F2EA}.Release|Any CPU.Build.0 = Release|Any CPU
	EndGlobalSection
	GlobalSection(SolutionProperties) = preSolution
		HideSolutionNode = FALSE
	EndGlobalSection
	GlobalSection(NestedProjects) = preSolution
		{7AD873AE-1291-4C84-B091-9EBAD4567181} = {ADE53155-A9A9-4573-867B-BE84368CA6F5}
		{A925A607-AC73-43D8-A147-934CE1D457B6} = {7AD873AE-1291-4C84-B091-9EBAD4567181}
		{52B0BF48-AC2B-49A7-9526-6FE6DFA82F13} = {7AD873AE-1291-4C84-B091-9EBAD4567181}
		{7AA31962-F036-4AC3-BD73-4DC6EC19C78F} = {ADE53155-A9A9-4573-867B-BE84368CA6F5}
		{7AB0F7B9-4454-4632-AFA1-E2B406D8021A} = {ADE53155-A9A9-4573-867B-BE84368CA6F5}
		{C0157E0A-1587-45E6-8EF9-114C452DEDC8} = {ADE53155-A9A9-4573-867B-BE84368CA6F5}
		{EA9A25B4-1EDF-4D10-BEAC-D5963143AC76} = {C0157E0A-1587-45E6-8EF9-114C452DEDC8}
		{1983D91F-A426-4A1A-8238-46B3088EEA24} = {C0157E0A-1587-45E6-8EF9-114C452DEDC8}
		{69E33013-3EF9-4FF8-80EE-96CB484F5AA3} = {C0157E0A-1587-45E6-8EF9-114C452DEDC8}
		{0F384E8F-DCAA-4C25-B420-26D3DB13E595} = {EA9A25B4-1EDF-4D10-BEAC-D5963143AC76}
		{C4EB4F31-8DAF-4EDB-9FDA-AA7E63FCE484} = {1983D91F-A426-4A1A-8238-46B3088EEA24}
		{0811BE33-A5E6-483D-A34F-FFA2FFF54181} = {69E33013-3EF9-4FF8-80EE-96CB484F5AA3}
		{119D41D3-2B7C-4C06-839A-E3204877AC62} = {7AB0F7B9-4454-4632-AFA1-E2B406D8021A}
		{0F257891-9965-4FC5-B473-242287F67287} = {7AA31962-F036-4AC3-BD73-4DC6EC19C78F}
		{ED495F3A-4BCA-4E15-80E3-7A8DF6BCB4E7} = {52B0BF48-AC2B-49A7-9526-6FE6DFA82F13}
		{1AD6EF81-C3F4-4738-964E-F212F6C0F2EA} = {A925A607-AC73-43D8-A147-934CE1D457B6}
	EndGlobalSection
	GlobalSection(ExtensibilityGlobals) = postSolution
		SolutionGuid = {E742F956-6F22-40A1-BB3C-F708E33F97F0}
	EndGlobalSection
EndGlobal
